
Microsoft Visual Studio Solution File, Format Version 12.00
# Visual Studio Version 17
VisualStudioVersion = 17.10.35013.160
MinimumVisualStudioVersion = 10.0.40219.1
Project("{FAE04EC0-301F-11D3-BF4B-00C04F79EFBC}") = "ThisPoc", "ThisPoc.csproj", "{78D2524C-E6F4-49BC-997D-9F1CC71A089C}"
EndProject
Global
	GlobalSection(SolutionConfigurationPlatforms) = preSolution
		Debug|Any CPU = Debug|Any CPU
		Release|Any CPU = Release|Any CPU
	EndGlobalSection
	GlobalSection(ProjectConfigurationPlatforms) = postSolution
		{78D2524C-E6F4-49BC-997D-9F1CC71A089C}.Debug|Any CPU.ActiveCfg = Debug|Any CPU
		{78D2524C-E6F4-49BC-997D-9F1CC71A089C}.Debug|Any CPU.Build.0 = Debug|Any CPU
		{78D2524C-E6F4-49BC-997D-9F1CC71A089C}.Release|Any CPU.ActiveCfg = Release|Any CPU
		{78D2524C-E6F4-49BC-997D-9F1CC71A089C}.Release|Any CPU.Build.0 = Release|Any CPU
	EndGlobalSection
	GlobalSection(SolutionProperties) = preSolution
		HideSolutionNode = FALSE
	EndGlobalSection
	GlobalSection(ExtensibilityGlobals) = postSolution
		SolutionGuid = {1D560986-7778-440E-89C9-70DF941181F2}
	EndGlobalSection
EndGlobal
